
Microsoft Visual Studio Solution File, Format Version 12.00
# Visual Studio Version 17
VisualStudioVersion = 17.7.34031.279
MinimumVisualStudioVersion = 10.0.40219.1
Project("{FAE04EC0-301F-11D3-BF4B-00C04F79EFBC}") = "PC2.DPA.Store.API", "PC2.DPA.Store.API\PC2.DPA.Store.API.csproj", "{7ED69DC6-84BA-44BF-BE51-0B2B2BF47965}"
EndProject
Project("{FAE04EC0-301F-11D3-BF4B-00C04F79EFBC}") = "PC2.DPA.Store.DOMAIN", "PC2.DPA.Store.DOMAIN\PC2.DPA.Store.DOMAIN.csproj", "{26C3EACD-F3A0-4988-9527-4B9E3F02FFEC}"
EndProject
Global
	GlobalSection(SolutionConfigurationPlatforms) = preSolution
		Debug|Any CPU = Debug|Any CPU
		Release|Any CPU = Release|Any CPU
	EndGlobalSection
	GlobalSection(ProjectConfigurationPlatforms) = postSolution
		{7ED69DC6-84BA-44BF-BE51-0B2B2BF47965}.Debug|Any CPU.ActiveCfg = Debug|Any CPU
		{7ED69DC6-84BA-44BF-BE51-0B2B2BF47965}.Debug|Any CPU.Build.0 = Debug|Any CPU
		{7ED69DC6-84BA-44BF-BE51-0B2B2BF47965}.Release|Any CPU.ActiveCfg = Release|Any CPU
		{7ED69DC6-84BA-44BF-BE51-0B2B2BF47965}.Release|Any CPU.Build.0 = Release|Any CPU
		{26C3EACD-F3A0-4988-9527-4B9E3F02FFEC}.Debug|Any CPU.ActiveCfg = Debug|Any CPU
		{26C3EACD-F3A0-4988-9527-4B9E3F02FFEC}.Debug|Any CPU.Build.0 = Debug|Any CPU
		{26C3EACD-F3A0-4988-9527-4B9E3F02FFEC}.Release|Any CPU.ActiveCfg = Release|Any CPU
		{26C3EACD-F3A0-4988-9527-4B9E3F02FFEC}.Release|Any CPU.Build.0 = Release|Any CPU
	EndGlobalSection
	GlobalSection(SolutionProperties) = preSolution
		HideSolutionNode = FALSE
	EndGlobalSection
	GlobalSection(ExtensibilityGlobals) = postSolution
		SolutionGuid = {709B1935-4166-4B66-AA8D-512014AF741D}
	EndGlobalSection
EndGlobal
